
Microsoft Visual Studio Solution File, Format Version 12.00
# Visual Studio 15
VisualStudioVersion = 15.0.26430.6
MinimumVisualStudioVersion = 10.0.40219.1
Project("{FAE04EC0-301F-11D3-BF4B-00C04F79EFBC}") = "ConsoleHost", "ConsoleHost\ConsoleHost.csproj", "{068EC550-388D-4F93-8D48-5879CCC01E27}"
EndProject
Project("{FAE04EC0-301F-11D3-BF4B-00C04F79EFBC}") = "ConsoleHost.Common", "ConsoleHost.Common\ConsoleHost.Common.csproj", "{AAB5367D-0768-467E-A724-17055C940BC4}"
EndProject
Project("{FAE04EC0-301F-11D3-BF4B-00C04F79EFBC}") = "ConsoleHost.Web", "ConsoleHost.Web\ConsoleHost.Web.csproj", "{5D80A421-B2E0-4968-9038-09CF3F10E5F8}"
EndProject
Project("{FAE04EC0-301F-11D3-BF4B-00C04F79EFBC}") = "Common.Logging", "Common.Logging\Common.Logging.csproj", "{AC4B9C8A-D103-4644-9E78-3BE37B98773B}"
EndProject
Project("{FAE04EC0-301F-11D3-BF4B-00C04F79EFBC}") = "MinecraftServer.Status.Web", "MinecraftServer.Status.Web\MinecraftServer.Status.Web.csproj", "{BCDE080E-1C7E-4365-B2B7-C2DEC545BEDE}"
EndProject
Project("{FAE04EC0-301F-11D3-BF4B-00C04F79EFBC}") = "Common.Web.Syndication", "Common.Web.Syndication\Common.Web.Syndication.csproj", "{AA7BB8D4-3ADD-473F-9833-982959DE0E23}"
EndProject
Global
	GlobalSection(SolutionConfigurationPlatforms) = preSolution
		Debug|Any CPU = Debug|Any CPU
		Debug|Mixed Platforms = Debug|Mixed Platforms
		Debug|x86 = Debug|x86
		Release|Any CPU = Release|Any CPU
		Release|Mixed Platforms = Release|Mixed Platforms
		Release|x86 = Release|x86
	EndGlobalSection
	GlobalSection(ProjectConfigurationPlatforms) = postSolution
		{068EC550-388D-4F93-8D48-5879CCC01E27}.Debug|Any CPU.ActiveCfg = Debug|x86
		{068EC550-388D-4F93-8D48-5879CCC01E27}.Debug|Mixed Platforms.ActiveCfg = Debug|x86
		{068EC550-388D-4F93-8D48-5879CCC01E27}.Debug|Mixed Platforms.Build.0 = Debug|x86
		{068EC550-388D-4F93-8D48-5879CCC01E27}.Debug|x86.ActiveCfg = Debug|x86
		{068EC550-388D-4F93-8D48-5879CCC01E27}.Debug|x86.Build.0 = Debug|x86
		{068EC550-388D-4F93-8D48-5879CCC01E27}.Release|Any CPU.ActiveCfg = Release|x86
		{068EC550-388D-4F93-8D48-5879CCC01E27}.Release|Mixed Platforms.ActiveCfg = Release|x86
		{068EC550-388D-4F93-8D48-5879CCC01E27}.Release|Mixed Platforms.Build.0 = Release|x86
		{068EC550-388D-4F93-8D48-5879CCC01E27}.Release|x86.ActiveCfg = Release|x86
		{068EC550-388D-4F93-8D48-5879CCC01E27}.Release|x86.Build.0 = Release|x86
		{AAB5367D-0768-467E-A724-17055C940BC4}.Debug|Any CPU.ActiveCfg = Debug|Any CPU
		{AAB5367D-0768-467E-A724-17055C940BC4}.Debug|Any CPU.Build.0 = Debug|Any CPU
		{AAB5367D-0768-467E-A724-17055C940BC4}.Debug|Mixed Platforms.ActiveCfg = Debug|Any CPU
		{AAB5367D-0768-467E-A724-17055C940BC4}.Debug|Mixed Platforms.Build.0 = Debug|Any CPU
		{AAB5367D-0768-467E-A724-17055C940BC4}.Debug|x86.ActiveCfg = Debug|Any CPU
		{AAB5367D-0768-467E-A724-17055C940BC4}.Release|Any CPU.ActiveCfg = Release|Any CPU
		{AAB5367D-0768-467E-A724-17055C940BC4}.Release|Any CPU.Build.0 = Release|Any CPU
		{AAB5367D-0768-467E-A724-17055C940BC4}.Release|Mixed Platforms.ActiveCfg = Release|Any CPU
		{AAB5367D-0768-467E-A724-17055C940BC4}.Release|Mixed Platforms.Build.0 = Release|Any CPU
		{AAB5367D-0768-467E-A724-17055C940BC4}.Release|x86.ActiveCfg = Release|Any CPU
		{5D80A421-B2E0-4968-9038-09CF3F10E5F8}.Debug|Any CPU.ActiveCfg = Debug|Any CPU
		{5D80A421-B2E0-4968-9038-09CF3F10E5F8}.Debug|Any CPU.Build.0 = Debug|Any CPU
		{5D80A421-B2E0-4968-9038-09CF3F10E5F8}.Debug|Mixed Platforms.ActiveCfg = Debug|Any CPU
		{5D80A421-B2E0-4968-9038-09CF3F10E5F8}.Debug|Mixed Platforms.Build.0 = Debug|Any CPU
		{5D80A421-B2E0-4968-9038-09CF3F10E5F8}.Debug|x86.ActiveCfg = Debug|Any CPU
		{5D80A421-B2E0-4968-9038-09CF3F10E5F8}.Release|Any CPU.ActiveCfg = Release|Any CPU
		{5D80A421-B2E0-4968-9038-09CF3F10E5F8}.Release|Any CPU.Build.0 = Release|Any CPU
		{5D80A421-B2E0-4968-9038-09CF3F10E5F8}.Release|Mixed Platforms.ActiveCfg = Release|Any CPU
		{5D80A421-B2E0-4968-9038-09CF3F10E5F8}.Release|Mixed Platforms.Build.0 = Release|Any CPU
		{5D80A421-B2E0-4968-9038-09CF3F10E5F8}.Release|x86.ActiveCfg = Release|Any CPU
		{AC4B9C8A-D103-4644-9E78-3BE37B98773B}.Debug|Any CPU.ActiveCfg = Debug|Any CPU
		{AC4B9C8A-D103-4644-9E78-3BE37B98773B}.Debug|Any CPU.Build.0 = Debug|Any CPU
		{AC4B9C8A-D103-4644-9E78-3BE37B98773B}.Debug|Mixed Platforms.ActiveCfg = Debug|Any CPU
		{AC4B9C8A-D103-4644-9E78-3BE37B98773B}.Debug|Mixed Platforms.Build.0 = Debug|Any CPU
		{AC4B9C8A-D103-4644-9E78-3BE37B98773B}.Debug|x86.ActiveCfg = Debug|Any CPU
		{AC4B9C8A-D103-4644-9E78-3BE37B98773B}.Debug|x86.Build.0 = Debug|Any CPU
		{AC4B9C8A-D103-4644-9E78-3BE37B98773B}.Release|Any CPU.ActiveCfg = Release|Any CPU
		{AC4B9C8A-D103-4644-9E78-3BE37B98773B}.Release|Any CPU.Build.0 = Release|Any CPU
		{AC4B9C8A-D103-4644-9E78-3BE37B98773B}.Release|Mixed Platforms.ActiveCfg = Release|Any CPU
		{AC4B9C8A-D103-4644-9E78-3BE37B98773B}.Release|Mixed Platforms.Build.0 = Release|Any CPU
		{AC4B9C8A-D103-4644-9E78-3BE37B98773B}.Release|x86.ActiveCfg = Release|Any CPU
		{AC4B9C8A-D103-4644-9E78-3BE37B98773B}.Release|x86.Build.0 = Release|Any CPU
		{BCDE080E-1C7E-4365-B2B7-C2DEC545BEDE}.Debug|Any CPU.ActiveCfg = Debug|Any CPU
		{BCDE080E-1C7E-4365-B2B7-C2DEC545BEDE}.Debug|Any CPU.Build.0 = Debug|Any CPU
		{BCDE080E-1C7E-4365-B2B7-C2DEC545BEDE}.Debug|Mixed Platforms.ActiveCfg = Debug|Any CPU
		{BCDE080E-1C7E-4365-B2B7-C2DEC545BEDE}.Debug|Mixed Platforms.Build.0 = Debug|Any CPU
		{BCDE080E-1C7E-4365-B2B7-C2DEC545BEDE}.Debug|x86.ActiveCfg = Debug|Any CPU
		{BCDE080E-1C7E-4365-B2B7-C2DEC545BEDE}.Debug|x86.Build.0 = Debug|Any CPU
		{BCDE080E-1C7E-4365-B2B7-C2DEC545BEDE}.Release|Any CPU.ActiveCfg = Release|Any CPU
		{BCDE080E-1C7E-4365-B2B7-C2DEC545BEDE}.Release|Any CPU.Build.0 = Release|Any CPU
		{BCDE080E-1C7E-4365-B2B7-C2DEC545BEDE}.Release|Mixed Platforms.ActiveCfg = Release|Any CPU
		{BCDE080E-1C7E-4365-B2B7-C2DEC545BEDE}.Release|Mixed Platforms.Build.0 = Release|Any CPU
		{BCDE080E-1C7E-4365-B2B7-C2DEC545BEDE}.Release|x86.ActiveCfg = Release|Any CPU
		{BCDE080E-1C7E-4365-B2B7-C2DEC545BEDE}.Release|x86.Build.0 = Release|Any CPU
		{AA7BB8D4-3ADD-473F-9833-982959DE0E23}.Debug|Any CPU.ActiveCfg = Debug|Any CPU
		{AA7BB8D4-3ADD-473F-9833-982959DE0E23}.Debug|Any CPU.Build.0 = Debug|Any CPU
		{AA7BB8D4-3ADD-473F-9833-982959DE0E23}.Debug|Mixed Platforms.ActiveCfg = Debug|Any CPU
		{AA7BB8D4-3ADD-473F-9833-982959DE0E23}.Debug|Mixed Platforms.Build.0 = Debug|Any CPU
		{AA7BB8D4-3ADD-473F-9833-982959DE0E23}.Debug|x86.ActiveCfg = Debug|Any CPU
		{AA7BB8D4-3ADD-473F-9833-982959DE0E23}.Debug|x86.Build.0 = Debug|Any CPU
		{AA7BB8D4-3ADD-473F-9833-982959DE0E23}.Release|Any CPU.ActiveCfg = Release|Any CPU
		{AA7BB8D4-3ADD-473F-9833-982959DE0E23}.Release|Any CPU.Build.0 = Release|Any CPU
		{AA7BB8D4-3ADD-473F-9833-982959DE0E23}.Release|Mixed Platforms.ActiveCfg = Release|Any CPU
		{AA7BB8D4-3ADD-473F-9833-982959DE0E23}.Release|Mixed Platforms.Build.0 = Release|Any CPU
		{AA7BB8D4-3ADD-473F-9833-982959DE0E23}.Release|x86.ActiveCfg = Release|Any CPU
		{AA7BB8D4-3ADD-473F-9833-982959DE0E23}.Release|x86.Build.0 = Release|Any CPU
	EndGlobalSection
	GlobalSection(SolutionProperties) = preSolution
		HideSolutionNode = FALSE
	EndGlobalSection
EndGlobal
